
Microsoft Visual Studio Solution File, Format Version 12.00
# Visual Studio Version 17
VisualStudioVersion = 17.6.33815.320
MinimumVisualStudioVersion = 10.0.40219.1
Project("{FAE04EC0-301F-11D3-BF4B-00C04F79EFBC}") = "ShelterProjectImp", "ShelterProjectImp\ShelterProjectImp.csproj", "{57B8D364-564B-4A14-8E0B-BFD873EF378B}"
EndProject
Global
	GlobalSection(SolutionConfigurationPlatforms) = preSolution
		Debug|Any CPU = Debug|Any CPU
		Release|Any CPU = Release|Any CPU
	EndGlobalSection
	GlobalSection(ProjectConfigurationPlatforms) = postSolution
		{57B8D364-564B-4A14-8E0B-BFD873EF378B}.Debug|Any CPU.ActiveCfg = Debug|Any CPU
		{57B8D364-564B-4A14-8E0B-BFD873EF378B}.Debug|Any CPU.Build.0 = Debug|Any CPU
		{57B8D364-564B-4A14-8E0B-BFD873EF378B}.Release|Any CPU.ActiveCfg = Release|Any CPU
		{57B8D364-564B-4A14-8E0B-BFD873EF378B}.Release|Any CPU.Build.0 = Release|Any CPU
	EndGlobalSection
	GlobalSection(SolutionProperties) = preSolution
		HideSolutionNode = FALSE
	EndGlobalSection
	GlobalSection(ExtensibilityGlobals) = postSolution
		SolutionGuid = {BA0481A6-651D-499C-A184-B399E495A77C}
	EndGlobalSection
EndGlobal
