
Microsoft Visual Studio Solution File, Format Version 12.00
# Visual Studio Version 17
VisualStudioVersion = 17.6.33815.320
MinimumVisualStudioVersion = 10.0.40219.1
Project("{FAE04EC0-301F-11D3-BF4B-00C04F79EFBC}") = "Shelter", "Shelter.csproj", "{8A72CE74-33F8-4ED8-BA96-389C10659498}"
EndProject
Global
	GlobalSection(SolutionConfigurationPlatforms) = preSolution
		Debug|Any CPU = Debug|Any CPU
		Release|Any CPU = Release|Any CPU
	EndGlobalSection
	GlobalSection(ProjectConfigurationPlatforms) = postSolution
		{8A72CE74-33F8-4ED8-BA96-389C10659498}.Debug|Any CPU.ActiveCfg = Debug|Any CPU
		{8A72CE74-33F8-4ED8-BA96-389C10659498}.Debug|Any CPU.Build.0 = Debug|Any CPU
		{8A72CE74-33F8-4ED8-BA96-389C10659498}.Release|Any CPU.ActiveCfg = Release|Any CPU
		{8A72CE74-33F8-4ED8-BA96-389C10659498}.Release|Any CPU.Build.0 = Release|Any CPU
	EndGlobalSection
	GlobalSection(SolutionProperties) = preSolution
		HideSolutionNode = FALSE
	EndGlobalSection
	GlobalSection(ExtensibilityGlobals) = postSolution
		SolutionGuid = {292ABAA3-A0C9-4684-BC7A-8F731AB5E225}
	EndGlobalSection
EndGlobal
